Microsoft Visual Studio Solution File, Format Version 11.00
# Visual Studio 2010
Project("{FAE04EC0-301F-11D3-BF4B-00C04F79EFBC}") = "DMP.Infrastructure.ModelDesigner", "Infrastructure\DMP.Infrastructure.ModelDesigner\DMP.Infrastructure.ModelDesigner.csproj", "{3F83F232-700D-4E7A-BCB5-C0F1F760FA40}"
EndProject
Project("{2150E333-8FDC-42A3-9474-1A3956D46DE8}") = "Infrastructure", "Infrastructure", "{E1277590-AECF-44AD-9282-50337C5360C0}"
EndProject
Project("{FAE04EC0-301F-11D3-BF4B-00C04F79EFBC}") = "DMP.Infrastructure.Common", "Infrastructure\DMP.Infrastructure.Common\DMP.Infrastructure.Common.csproj", "{D99C4108-7D70-4BAF-AEE8-9332B529DCF6}"
EndProject
Project("{2150E333-8FDC-42A3-9474-1A3956D46DE8}") = "Domain", "Domain", "{E123A7EA-5200-4B33-92DF-EC321C1ED9F9}"
EndProject
Project("{2150E333-8FDC-42A3-9474-1A3956D46DE8}") = "Ui", "Ui", "{A8C810E4-9E3D-4D19-B37D-1D3BD41045CD}"
EndProject
Project("{2150E333-8FDC-42A3-9474-1A3956D46DE8}") = "Application", "Application", "{F112C837-0F21-4483-9186-108377C14D0B}"
EndProject
Project("{FAE04EC0-301F-11D3-BF4B-00C04F79EFBC}") = "DMP.Ui.Web", "Ui\DMP.Ui.Web\DMP.Ui.Web.csproj", "{1116CC92-71F2-4758-80DB-A357AC4339A9}"
EndProject
Global
	GlobalSection(SolutionConfigurationPlatforms) = preSolution
		Debug|Any CPU = Debug|Any CPU
		Release|Any CPU = Release|Any CPU
		Description = 领域模型开发平台
	EndGlobalSection
	GlobalSection(ProjectConfigurationPlatforms) = postSolution
		{3F83F232-700D-4E7A-BCB5-C0F1F760FA40}.Debug|Any CPU.ActiveCfg = Debug|Any CPU
		{3F83F232-700D-4E7A-BCB5-C0F1F760FA40}.Debug|Any CPU.Build.0 = Debug|Any CPU
		{3F83F232-700D-4E7A-BCB5-C0F1F760FA40}.Release|Any CPU.ActiveCfg = Release|Any CPU
		{3F83F232-700D-4E7A-BCB5-C0F1F760FA40}.Release|Any CPU.Build.0 = Release|Any CPU
		{D99C4108-7D70-4BAF-AEE8-9332B529DCF6}.Debug|Any CPU.ActiveCfg = Debug|Any CPU
		{D99C4108-7D70-4BAF-AEE8-9332B529DCF6}.Debug|Any CPU.Build.0 = Debug|Any CPU
		{D99C4108-7D70-4BAF-AEE8-9332B529DCF6}.Release|Any CPU.ActiveCfg = Release|Any CPU
		{D99C4108-7D70-4BAF-AEE8-9332B529DCF6}.Release|Any CPU.Build.0 = Release|Any CPU
		{1116CC92-71F2-4758-80DB-A357AC4339A9}.Debug|Any CPU.ActiveCfg = Debug|Any CPU
		{1116CC92-71F2-4758-80DB-A357AC4339A9}.Debug|Any CPU.Build.0 = Debug|Any CPU
		{1116CC92-71F2-4758-80DB-A357AC4339A9}.Release|Any CPU.ActiveCfg = Release|Any CPU
		{1116CC92-71F2-4758-80DB-A357AC4339A9}.Release|Any CPU.Build.0 = Release|Any CPU
	EndGlobalSection
	GlobalSection(SolutionProperties) = preSolution
		HideSolutionNode = FALSE
	EndGlobalSection
	GlobalSection(NestedProjects) = preSolution
		{3F83F232-700D-4E7A-BCB5-C0F1F760FA40} = {E1277590-AECF-44AD-9282-50337C5360C0}
		{D99C4108-7D70-4BAF-AEE8-9332B529DCF6} = {E1277590-AECF-44AD-9282-50337C5360C0}
		{1116CC92-71F2-4758-80DB-A357AC4339A9} = {A8C810E4-9E3D-4D19-B37D-1D3BD41045CD}
	EndGlobalSection
EndGlobal
